github.com/triansyah17/go-say-hello v1.0.0 h1:gxuKVyhjzwdsiBSm/z2J/Y7mIGS/sjqiPsD26p1fxCo=
github.com/triansyah17/go-say-hello v1.0.0/go.mod h1:H/PZE3Ua/rdxaLf1B+QVal2QBmxypytJL9ul9h9zKfM=
github.com/triansyah17/go-say-hello v1.5.0 h1:5oXb17cnQqMXAZTC0Kqlocmv/2xhwNSOd1+2MSjUQyM=
github.com/triansyah17/go-say-hello v1.5.0/go.mod h1:H/PZE3Ua/rdxaLf1B+QVal2QBmxypytJL9ul9h9zKfM=
github.com/triansyah17/go-say-hello v1.6.0 h1:5N1WJjPu+TFAtXCVkxoQsV/w9ZoMVFK/noP0kl6RavA=
github.com/triansyah17/go-say-hello v1.6.0/go.mod h1:H/PZE3Ua/rdxaLf1B+QVal2QBmxypytJL9ul9h9zKfM=
